
Microsoft Visual Studio Solution File, Format Version 12.00
# Visual Studio Version 17
VisualStudioVersion = 17.14.36121.58 d17.14
MinimumVisualStudioVersion = 10.0.40219.1
Project("{FAE04EC0-301F-11D3-BF4B-00C04F79EFBC}") = "test-e4", "test-e4\test-e4.csproj", "{9EBB722E-9C73-4180-B571-F21C1DB5EF02}"
EndProject
Global
	GlobalSection(SolutionConfigurationPlatforms) = preSolution
		Debug|Any CPU = Debug|Any CPU
		Release|Any CPU = Release|Any CPU
	EndGlobalSection
	GlobalSection(ProjectConfigurationPlatforms) = postSolution
		{9EBB722E-9C73-4180-B571-F21C1DB5EF02}.Debug|Any CPU.ActiveCfg = Debug|Any CPU
		{9EBB722E-9C73-4180-B571-F21C1DB5EF02}.Debug|Any CPU.Build.0 = Debug|Any CPU
		{9EBB722E-9C73-4180-B571-F21C1DB5EF02}.Release|Any CPU.ActiveCfg = Release|Any CPU
		{9EBB722E-9C73-4180-B571-F21C1DB5EF02}.Release|Any CPU.Build.0 = Release|Any CPU
	EndGlobalSection
	GlobalSection(SolutionProperties) = preSolution
		HideSolutionNode = FALSE
	EndGlobalSection
	GlobalSection(ExtensibilityGlobals) = postSolution
		SolutionGuid = {780098D4-62C4-4B38-9CBE-4A86A3E3D50E}
	EndGlobalSection
EndGlobal
